
Microsoft Visual Studio Solution File, Format Version 11.00
# Visual Studio 2010
Project("{FAE04EC0-301F-11D3-BF4B-00C04F79EFBC}") = "EvaluationEngineConsole", "EvaluationEngineConsole\EvaluationEngineConsole.csproj", "{B8B86B60-A398-441A-BBEC-3868EAECEB10}"
EndProject
Project("{FAE04EC0-301F-11D3-BF4B-00C04F79EFBC}") = "EvaluationEngineConsole.Test", "EvaluationEngineConsole.Test\EvaluationEngineConsole.Test.csproj", "{53A90D4E-131B-4F68-B933-9A52AB883A30}"
EndProject
Project("{2150E333-8FDC-42A3-9474-1A3956D46DE8}") = ".nuget", ".nuget", "{8F6AC53F-77D8-41C2-A1C9-AEB6A7F68A9A}"
	ProjectSection(SolutionItems) = preProject
		.nuget\packages.config = .nuget\packages.config
	EndProjectSection
EndProject
Global
	GlobalSection(SolutionConfigurationPlatforms) = preSolution
		Debug|Any CPU = Debug|Any CPU
		Debug|Mixed Platforms = Debug|Mixed Platforms
		Debug|x86 = Debug|x86
		Release|Any CPU = Release|Any CPU
		Release|Mixed Platforms = Release|Mixed Platforms
		Release|x86 = Release|x86
	EndGlobalSection
	GlobalSection(ProjectConfigurationPlatforms) = postSolution
		{B8B86B60-A398-441A-BBEC-3868EAECEB10}.Debug|Any CPU.ActiveCfg = Debug|x86
		{B8B86B60-A398-441A-BBEC-3868EAECEB10}.Debug|Mixed Platforms.ActiveCfg = Debug|x86
		{B8B86B60-A398-441A-BBEC-3868EAECEB10}.Debug|Mixed Platforms.Build.0 = Debug|x86
		{B8B86B60-A398-441A-BBEC-3868EAECEB10}.Debug|x86.ActiveCfg = Debug|x86
		{B8B86B60-A398-441A-BBEC-3868EAECEB10}.Debug|x86.Build.0 = Debug|x86
		{B8B86B60-A398-441A-BBEC-3868EAECEB10}.Release|Any CPU.ActiveCfg = Release|x86
		{B8B86B60-A398-441A-BBEC-3868EAECEB10}.Release|Mixed Platforms.ActiveCfg = Release|x86
		{B8B86B60-A398-441A-BBEC-3868EAECEB10}.Release|Mixed Platforms.Build.0 = Release|x86
		{B8B86B60-A398-441A-BBEC-3868EAECEB10}.Release|x86.ActiveCfg = Release|x86
		{B8B86B60-A398-441A-BBEC-3868EAECEB10}.Release|x86.Build.0 = Release|x86
		{53A90D4E-131B-4F68-B933-9A52AB883A30}.Debug|Any CPU.ActiveCfg = Debug|Any CPU
		{53A90D4E-131B-4F68-B933-9A52AB883A30}.Debug|Any CPU.Build.0 = Debug|Any CPU
		{53A90D4E-131B-4F68-B933-9A52AB883A30}.Debug|Mixed Platforms.ActiveCfg = Debug|Any CPU
		{53A90D4E-131B-4F68-B933-9A52AB883A30}.Debug|Mixed Platforms.Build.0 = Debug|Any CPU
		{53A90D4E-131B-4F68-B933-9A52AB883A30}.Debug|x86.ActiveCfg = Debug|Any CPU
		{53A90D4E-131B-4F68-B933-9A52AB883A30}.Release|Any CPU.ActiveCfg = Release|Any CPU
		{53A90D4E-131B-4F68-B933-9A52AB883A30}.Release|Any CPU.Build.0 = Release|Any CPU
		{53A90D4E-131B-4F68-B933-9A52AB883A30}.Release|Mixed Platforms.ActiveCfg = Release|Any CPU
		{53A90D4E-131B-4F68-B933-9A52AB883A30}.Release|Mixed Platforms.Build.0 = Release|Any CPU
		{53A90D4E-131B-4F68-B933-9A52AB883A30}.Release|x86.ActiveCfg = Release|Any CPU
	EndGlobalSection
	GlobalSection(SolutionProperties) = preSolution
		HideSolutionNode = FALSE
	EndGlobalSection
EndGlobal
